
Microsoft Visual Studio Solution File, Format Version 12.00
# Visual Studio 15
VisualStudioVersion = 15.0.27428.2043
MinimumVisualStudioVersion = 10.0.40219.1
Project("{FAE04EC0-301F-11D3-BF4B-00C04F79EFBC}") = "XontosoUniversity", "XontosoUniversity\XontosoUniversity.csproj", "{B3062E46-249F-427F-920C-A3936A9516FC}"
EndProject
Global
	GlobalSection(SolutionConfigurationPlatforms) = preSolution
		Debug|Any CPU = Debug|Any CPU
		Release|Any CPU = Release|Any CPU
	EndGlobalSection
	GlobalSection(ProjectConfigurationPlatforms) = postSolution
		{B3062E46-249F-427F-920C-A3936A9516FC}.Debug|Any CPU.ActiveCfg = Debug|Any CPU
		{B3062E46-249F-427F-920C-A3936A9516FC}.Debug|Any CPU.Build.0 = Debug|Any CPU
		{B3062E46-249F-427F-920C-A3936A9516FC}.Release|Any CPU.ActiveCfg = Release|Any CPU
		{B3062E46-249F-427F-920C-A3936A9516FC}.Release|Any CPU.Build.0 = Release|Any CPU
	EndGlobalSection
	GlobalSection(SolutionProperties) = preSolution
		HideSolutionNode = FALSE
	EndGlobalSection
	GlobalSection(ExtensibilityGlobals) = postSolution
		SolutionGuid = {BBE4807A-2BFE-48EC-A20D-C43520DB678A}
	EndGlobalSection
EndGlobal
